
Microsoft Visual Studio Solution File, Format Version 12.00
# Visual Studio Version 17
VisualStudioVersion = 17.5.33530.505
MinimumVisualStudioVersion = 10.0.40219.1
Project("{FAE04EC0-301F-11D3-BF4B-00C04F79EFBC}") = "BlazorWASM_HelloAuthentication.Server", "Server\BlazorWASM_HelloAuthentication.Server.csproj", "{062923BE-453B-4437-B0E1-2F1948BC1A83}"
EndProject
Project("{FAE04EC0-301F-11D3-BF4B-00C04F79EFBC}") = "BlazorWASM_HelloAuthentication.Client", "Client\BlazorWASM_HelloAuthentication.Client.csproj", "{00896B5C-E7C6-4CA0-A671-31E3FC1EC2FD}"
EndProject
Project("{FAE04EC0-301F-11D3-BF4B-00C04F79EFBC}") = "BlazorWASM_HelloAuthentication.Shared", "Shared\BlazorWASM_HelloAuthentication.Shared.csproj", "{11EA5BBE-4C4F-48FB-9E98-E137A9DDD33A}"
EndProject
Global
	GlobalSection(SolutionConfigurationPlatforms) = preSolution
		Debug|Any CPU = Debug|Any CPU
		Release|Any CPU = Release|Any CPU
	EndGlobalSection
	GlobalSection(ProjectConfigurationPlatforms) = postSolution
		{062923BE-453B-4437-B0E1-2F1948BC1A83}.Debug|Any CPU.ActiveCfg = Debug|Any CPU
		{062923BE-453B-4437-B0E1-2F1948BC1A83}.Debug|Any CPU.Build.0 = Debug|Any CPU
		{062923BE-453B-4437-B0E1-2F1948BC1A83}.Release|Any CPU.ActiveCfg = Release|Any CPU
		{062923BE-453B-4437-B0E1-2F1948BC1A83}.Release|Any CPU.Build.0 = Release|Any CPU
		{00896B5C-E7C6-4CA0-A671-31E3FC1EC2FD}.Debug|Any CPU.ActiveCfg = Debug|Any CPU
		{00896B5C-E7C6-4CA0-A671-31E3FC1EC2FD}.Debug|Any CPU.Build.0 = Debug|Any CPU
		{00896B5C-E7C6-4CA0-A671-31E3FC1EC2FD}.Release|Any CPU.ActiveCfg = Release|Any CPU
		{00896B5C-E7C6-4CA0-A671-31E3FC1EC2FD}.Release|Any CPU.Build.0 = Release|Any CPU
		{11EA5BBE-4C4F-48FB-9E98-E137A9DDD33A}.Debug|Any CPU.ActiveCfg = Debug|Any CPU
		{11EA5BBE-4C4F-48FB-9E98-E137A9DDD33A}.Debug|Any CPU.Build.0 = Debug|Any CPU
		{11EA5BBE-4C4F-48FB-9E98-E137A9DDD33A}.Release|Any CPU.ActiveCfg = Release|Any CPU
		{11EA5BBE-4C4F-48FB-9E98-E137A9DDD33A}.Release|Any CPU.Build.0 = Release|Any CPU
	EndGlobalSection
	GlobalSection(SolutionProperties) = preSolution
		HideSolutionNode = FALSE
	EndGlobalSection
	GlobalSection(ExtensibilityGlobals) = postSolution
		SolutionGuid = {01F9E80E-5FBC-44A8-ABF8-9F32CD55971C}
	EndGlobalSection
EndGlobal
